
Microsoft Visual Studio Solution File, Format Version 12.00
# Visual Studio Version 16
VisualStudioVersion = 16.0.30011.22
MinimumVisualStudioVersion = 10.0.40219.1
Project("{9A19103F-16F7-4668-BE54-9A1E7A4F7556}") = "CineMagic", "CineMagic\CineMagic.csproj", "{FD785CDB-C7EA-463C-AF33-A22F94FCF51D}"
EndProject
Project("{9A19103F-16F7-4668-BE54-9A1E7A4F7556}") = "CineMagic.Dal", "CineMagic.Dal\CineMagic.Dal.csproj", "{F28DC9C4-1840-49F9-9B7F-746B37EE7067}"
EndProject
Project("{9A19103F-16F7-4668-BE54-9A1E7A4F7556}") = "CineMagic.Facade", "CineMagic.Facade\CineMagic.Facade.csproj", "{23BFBF1C-3665-4191-B20E-3802476DC93A}"
EndProject
Project("{9A19103F-16F7-4668-BE54-9A1E7A4F7556}") = "CineMagic.Facade.Efc", "CineMagic.Facade.Efc\CineMagic.Facade.Efc.csproj", "{C4F78820-B912-4AE5-8140-2AD20411F81F}"
EndProject
Project("{9A19103F-16F7-4668-BE54-9A1E7A4F7556}") = "CineMagic.Facade.Models", "CineMagic.Facade.Models\CineMagic.Facade.Models.csproj", "{B0D337B9-07D5-4A69-8465-1B4F40FE2AF7}"
EndProject
Global
	GlobalSection(SolutionConfigurationPlatforms) = preSolution
		Debug|Any CPU = Debug|Any CPU
		Release|Any CPU = Release|Any CPU
	EndGlobalSection
	GlobalSection(ProjectConfigurationPlatforms) = postSolution
		{FD785CDB-C7EA-463C-AF33-A22F94FCF51D}.Debug|Any CPU.ActiveCfg = Debug|Any CPU
		{FD785CDB-C7EA-463C-AF33-A22F94FCF51D}.Debug|Any CPU.Build.0 = Debug|Any CPU
		{FD785CDB-C7EA-463C-AF33-A22F94FCF51D}.Release|Any CPU.ActiveCfg = Release|Any CPU
		{FD785CDB-C7EA-463C-AF33-A22F94FCF51D}.Release|Any CPU.Build.0 = Release|Any CPU
		{F28DC9C4-1840-49F9-9B7F-746B37EE7067}.Debug|Any CPU.ActiveCfg = Debug|Any CPU
		{F28DC9C4-1840-49F9-9B7F-746B37EE7067}.Debug|Any CPU.Build.0 = Debug|Any CPU
		{F28DC9C4-1840-49F9-9B7F-746B37EE7067}.Release|Any CPU.ActiveCfg = Release|Any CPU
		{F28DC9C4-1840-49F9-9B7F-746B37EE7067}.Release|Any CPU.Build.0 = Release|Any CPU
		{23BFBF1C-3665-4191-B20E-3802476DC93A}.Debug|Any CPU.ActiveCfg = Debug|Any CPU
		{23BFBF1C-3665-4191-B20E-3802476DC93A}.Debug|Any CPU.Build.0 = Debug|Any CPU
		{23BFBF1C-3665-4191-B20E-3802476DC93A}.Release|Any CPU.ActiveCfg = Release|Any CPU
		{23BFBF1C-3665-4191-B20E-3802476DC93A}.Release|Any CPU.Build.0 = Release|Any CPU
		{C4F78820-B912-4AE5-8140-2AD20411F81F}.Debug|Any CPU.ActiveCfg = Debug|Any CPU
		{C4F78820-B912-4AE5-8140-2AD20411F81F}.Debug|Any CPU.Build.0 = Debug|Any CPU
		{C4F78820-B912-4AE5-8140-2AD20411F81F}.Release|Any CPU.ActiveCfg = Release|Any CPU
		{C4F78820-B912-4AE5-8140-2AD20411F81F}.Release|Any CPU.Build.0 = Release|Any CPU
		{B0D337B9-07D5-4A69-8465-1B4F40FE2AF7}.Debug|Any CPU.ActiveCfg = Debug|Any CPU
		{B0D337B9-07D5-4A69-8465-1B4F40FE2AF7}.Debug|Any CPU.Build.0 = Debug|Any CPU
		{B0D337B9-07D5-4A69-8465-1B4F40FE2AF7}.Release|Any CPU.ActiveCfg = Release|Any CPU
		{B0D337B9-07D5-4A69-8465-1B4F40FE2AF7}.Release|Any CPU.Build.0 = Release|Any CPU
	EndGlobalSection
	GlobalSection(SolutionProperties) = preSolution
		HideSolutionNode = FALSE
	EndGlobalSection
	GlobalSection(ExtensibilityGlobals) = postSolution
		SolutionGuid = {94FBFF14-C962-429E-B0BE-E6D2752A8BC6}
	EndGlobalSection
EndGlobal
